// !$*UTF8*$!
{
	archiveVersion = 1;
	classes = {
	};
	objectVersion = 55;
	objects = {

/* Begin PBXBuildFile section */
		2D98E86A5D4A1043113345DD /* Pods_MovieAppTests.framework in Frameworks */ = {isa = PBXBuildFile; fileRef = 21498A7171983DB60D976F17 /* Pods_MovieAppTests.framework */; };
		610FB3D328A51E7800FD12EF /* GenreViewModel.swift in Sources */ = {isa = PBXBuildFile; fileRef = 610FB3D228A51E7800FD12EF /* GenreViewModel.swift */; };
		610FB3D628A5207A00FD12EF /* GenrePresentation.swift in Sources */ = {isa = PBXBuildFile; fileRef = 610FB3D528A5207A00FD12EF /* GenrePresentation.swift */; };
		61231DC2289A619D007BEA61 /* AppDelegate.swift in Sources */ = {isa = PBXBuildFile; fileRef = 61231DC1289A619D007BEA61 /* AppDelegate.swift */; };
		61231DC4289A619D007BEA61 /* SceneDelegate.swift in Sources */ = {isa = PBXBuildFile; fileRef = 61231DC3289A619D007BEA61 /* SceneDelegate.swift */; };
		61231DC6289A619D007BEA61 /* LandingViewController.swift in Sources */ = {isa = PBXBuildFile; fileRef = 61231DC5289A619D007BEA61 /* LandingViewController.swift */; };
		61231DC9289A619D007BEA61 /* Landing.storyboard in Resources */ = {isa = PBXBuildFile; fileRef = 61231DC7289A619D007BEA61 /* Landing.storyboard */; };
		61231DCB289A61A1007BEA61 /* Assets.xcassets in Resources */ = {isa = PBXBuildFile; fileRef = 61231DCA289A61A1007BEA61 /* Assets.xcassets */; };
		61231DCE289A61A1007BEA61 /* LaunchScreen.storyboard in Resources */ = {isa = PBXBuildFile; fileRef = 61231DCC289A61A1007BEA61 /* LaunchScreen.storyboard */; };
		61231DD9289A61A2007BEA61 /* MovieAppTests.swift in Sources */ = {isa = PBXBuildFile; fileRef = 61231DD8289A61A2007BEA61 /* MovieAppTests.swift */; };
		61231DE3289A61A2007BEA61 /* MovieAppUITests.swift in Sources */ = {isa = PBXBuildFile; fileRef = 61231DE2289A61A2007BEA61 /* MovieAppUITests.swift */; };
		61231DE5289A61A2007BEA61 /* MovieAppUITestsLaunchTests.swift in Sources */ = {isa = PBXBuildFile; fileRef = 61231DE4289A61A2007BEA61 /* MovieAppUITestsLaunchTests.swift */; };
		61848B2728A5125600480351 /* MovieAppService.swift in Sources */ = {isa = PBXBuildFile; fileRef = 61848B2628A5125600480351 /* MovieAppService.swift */; };
		61848B2928A5169A00480351 /* Genre.swift in Sources */ = {isa = PBXBuildFile; fileRef = 61848B2828A5169A00480351 /* Genre.swift */; };
		61848B2B28A516CE00480351 /* GenreResponse.swift in Sources */ = {isa = PBXBuildFile; fileRef = 61848B2A28A516CE00480351 /* GenreResponse.swift */; };
		61A19B57289D0D37003C4DB8 /* LandingScreenCell.swift in Sources */ = {isa = PBXBuildFile; fileRef = 61A19B55289D0D37003C4DB8 /* LandingScreenCell.swift */; };
		61A19B5C28A24768003C4DB8 /* Dashboard.storyboard in Resources */ = {isa = PBXBuildFile; fileRef = 61A19B5B28A24768003C4DB8 /* Dashboard.storyboard */; };
		61A19B6128A249B1003C4DB8 /* DiscoverViewController.swift in Sources */ = {isa = PBXBuildFile; fileRef = 61A19B6028A249B1003C4DB8 /* DiscoverViewController.swift */; };
		61A19B6328A254D6003C4DB8 /* GenreViewController.swift in Sources */ = {isa = PBXBuildFile; fileRef = 61A19B6228A254D6003C4DB8 /* GenreViewController.swift */; };
		61A19B6528A254E4003C4DB8 /* ArtistsViewController.swift in Sources */ = {isa = PBXBuildFile; fileRef = 61A19B6428A254E4003C4DB8 /* ArtistsViewController.swift */; };
		61A19BA628A3AB80003C4DB8 /* AppleGothic.ttf in Resources */ = {isa = PBXBuildFile; fileRef = 61A19BA528A3AB80003C4DB8 /* AppleGothic.ttf */; };
		61A19BA728A3AB80003C4DB8 /* AppleGothic.ttf in Resources */ = {isa = PBXBuildFile; fileRef = 61A19BA528A3AB80003C4DB8 /* AppleGothic.ttf */; };
		61A19BA828A3AB80003C4DB8 /* AppleGothic.ttf in Resources */ = {isa = PBXBuildFile; fileRef = 61A19BA528A3AB80003C4DB8 /* AppleGothic.ttf */; };
		61A19BAB28A3AF15003C4DB8 /* CALayer.swift in Sources */ = {isa = PBXBuildFile; fileRef = 61A19BAA28A3AF15003C4DB8 /* CALayer.swift */; };
		61A19BAC28A3AF15003C4DB8 /* CALayer.swift in Sources */ = {isa = PBXBuildFile; fileRef = 61A19BAA28A3AF15003C4DB8 /* CALayer.swift */; };
		61A19BAD28A3AF15003C4DB8 /* CALayer.swift in Sources */ = {isa = PBXBuildFile; fileRef = 61A19BAA28A3AF15003C4DB8 /* CALayer.swift */; };
		61A19BB328A3C402003C4DB8 /* GenreContracts.swift in Sources */ = {isa = PBXBuildFile; fileRef = 61A19BB228A3C402003C4DB8 /* GenreContracts.swift */; };
		61A19BB528A3C96E003C4DB8 /* GenreTableViewCell.swift in Sources */ = {isa = PBXBuildFile; fileRef = 61A19BB428A3C96E003C4DB8 /* GenreTableViewCell.swift */; };
		67AAD1DD28F94BF29BB3E1C6 /* Pods_MovieApp_MovieAppUITests.framework in Frameworks */ = {isa = PBXBuildFile; fileRef = 865019C2A1D2F2FD949B0644 /* Pods_MovieApp_MovieAppUITests.framework */; };
		E6ECE1B566306C630E522CC0 /* Pods_MovieApp.framework in Frameworks */ = {isa = PBXBuildFile; fileRef = 0C254B1A8A7001A9818B0E9C /* Pods_MovieApp.framework */; };
/* End PBXBuildFile section */

/* Begin PBXContainerItemProxy section */
		61231DD5289A61A2007BEA61 /* PBXContainerItemProxy */ = {
			isa = PBXContainerItemProxy;
			containerPortal = 61231DB6289A619D007BEA61 /* Project object */;
			proxyType = 1;
			remoteGlobalIDString = 61231DBD289A619D007BEA61;
			remoteInfo = MovieApp;
		};
		61231DDF289A61A2007BEA61 /* PBXContainerItemProxy */ = {
			isa = PBXContainerItemProxy;
			containerPortal = 61231DB6289A619D007BEA61 /* Project object */;
			proxyType = 1;
			remoteGlobalIDString = 61231DBD289A619D007BEA61;
			remoteInfo = MovieApp;
		};
/* End PBXContainerItemProxy section */

/* Begin PBXFileReference section */
		0C254B1A8A7001A9818B0E9C /* Pods_MovieApp.framework */ = {isa = PBXFileReference; explicitFileType = wrapper.framework; includeInIndex = 0; path = Pods_MovieApp.framework; sourceTree = BUILT_PRODUCTS_DIR; };
		16EC0EADC5A533324146A073 /* Pods-MovieApp-MovieAppUITests.debug.xcconfig */ = {isa = PBXFileReference; includeInIndex = 1; lastKnownFileType = text.xcconfig; name = "Pods-MovieApp-MovieAppUITests.debug.xcconfig"; path = "Target Support Files/Pods-MovieApp-MovieAppUITests/Pods-MovieApp-MovieAppUITests.debug.xcconfig"; sourceTree = "<group>"; };
		21498A7171983DB60D976F17 /* Pods_MovieAppTests.framework */ = {isa = PBXFileReference; explicitFileType = wrapper.framework; includeInIndex = 0; path = Pods_MovieAppTests.framework; sourceTree = BUILT_PRODUCTS_DIR; };
		35C2E538F264FDB5E25FE80E /* Pods-MovieAppTests.release.xcconfig */ = {isa = PBXFileReference; includeInIndex = 1; lastKnownFileType = text.xcconfig; name = "Pods-MovieAppTests.release.xcconfig"; path = "Target Support Files/Pods-MovieAppTests/Pods-MovieAppTests.release.xcconfig"; sourceTree = "<group>"; };
		610FB3D228A51E7800FD12EF /* GenreViewModel.swift */ = {isa = PBXFileReference; lastKnownFileType = sourcecode.swift; path = GenreViewModel.swift; sourceTree = "<group>"; };
		610FB3D528A5207A00FD12EF /* GenrePresentation.swift */ = {isa = PBXFileReference; lastKnownFileType = sourcecode.swift; path = GenrePresentation.swift; sourceTree = "<group>"; };
		61231DBE289A619D007BEA61 /* MovieApp.app */ = {isa = PBXFileReference; explicitFileType = wrapper.application; includeInIndex = 0; path = MovieApp.app; sourceTree = BUILT_PRODUCTS_DIR; };
		61231DC1289A619D007BEA61 /* AppDelegate.swift */ = {isa = PBXFileReference; lastKnownFileType = sourcecode.swift; path = AppDelegate.swift; sourceTree = "<group>"; };
		61231DC3289A619D007BEA61 /* SceneDelegate.swift */ = {isa = PBXFileReference; lastKnownFileType = sourcecode.swift; path = SceneDelegate.swift; sourceTree = "<group>"; };
		61231DC5289A619D007BEA61 /* LandingViewController.swift */ = {isa = PBXFileReference; lastKnownFileType = sourcecode.swift; path = LandingViewController.swift; sourceTree = "<group>"; };
		61231DC8289A619D007BEA61 /* Base */ = {isa = PBXFileReference; lastKnownFileType = file.storyboard; name = Base; path = Base.lproj/Landing.storyboard; sourceTree = "<group>"; };
		61231DCA289A61A1007BEA61 /* Assets.xcassets */ = {isa = PBXFileReference; lastKnownFileType = folder.assetcatalog; path = Assets.xcassets; sourceTree = "<group>"; };
		61231DCD289A61A1007BEA61 /* Base */ = {isa = PBXFileReference; lastKnownFileType = file.storyboard; name = Base; path = Base.lproj/LaunchScreen.storyboard; sourceTree = "<group>"; };
		61231DCF289A61A1007BEA61 /* Info.plist */ = {isa = PBXFileReference; lastKnownFileType = text.plist.xml; path = Info.plist; sourceTree = "<group>"; };
		61231DD4289A61A2007BEA61 /* MovieAppTests.xctest */ = {isa = PBXFileReference; explicitFileType = wrapper.cfbundle; includeInIndex = 0; path = MovieAppTests.xctest; sourceTree = BUILT_PRODUCTS_DIR; };
		61231DD8289A61A2007BEA61 /* MovieAppTests.swift */ = {isa = PBXFileReference; lastKnownFileType = sourcecode.swift; path = MovieAppTests.swift; sourceTree = "<group>"; };
		61231DDE289A61A2007BEA61 /* MovieAppUITests.xctest */ = {isa = PBXFileReference; explicitFileType = wrapper.cfbundle; includeInIndex = 0; path = MovieAppUITests.xctest; sourceTree = BUILT_PRODUCTS_DIR; };
		61231DE2289A61A2007BEA61 /* MovieAppUITests.swift */ = {isa = PBXFileReference; lastKnownFileType = sourcecode.swift; path = MovieAppUITests.swift; sourceTree = "<group>"; };
		61231DE4289A61A2007BEA61 /* MovieAppUITestsLaunchTests.swift */ = {isa = PBXFileReference; lastKnownFileType = sourcecode.swift; path = MovieAppUITestsLaunchTests.swift; sourceTree = "<group>"; };
		61848B2628A5125600480351 /* MovieAppService.swift */ = {isa = PBXFileReference; lastKnownFileType = sourcecode.swift; path = MovieAppService.swift; sourceTree = "<group>"; };
		61848B2828A5169A00480351 /* Genre.swift */ = {isa = PBXFileReference; lastKnownFileType = sourcecode.swift; path = Genre.swift; sourceTree = "<group>"; };
		61848B2A28A516CE00480351 /* GenreResponse.swift */ = {isa = PBXFileReference; lastKnownFileType = sourcecode.swift; path = GenreResponse.swift; sourceTree = "<group>"; };
		61A19B55289D0D37003C4DB8 /* LandingScreenCell.swift */ = {isa = PBXFileReference; lastKnownFileType = sourcecode.swift; path = LandingScreenCell.swift; sourceTree = "<group>"; };
		61A19B5B28A24768003C4DB8 /* Dashboard.storyboard */ = {isa = PBXFileReference; lastKnownFileType = file.storyboard; path = Dashboard.storyboard; sourceTree = "<group>"; };
		61A19B6028A249B1003C4DB8 /* DiscoverViewController.swift */ = {isa = PBXFileReference; lastKnownFileType = sourcecode.swift; path = DiscoverViewController.swift; sourceTree = "<group>"; };
		61A19B6228A254D6003C4DB8 /* GenreViewController.swift */ = {isa = PBXFileReference; lastKnownFileType = sourcecode.swift; path = GenreViewController.swift; sourceTree = "<group>"; };
		61A19B6428A254E4003C4DB8 /* ArtistsViewController.swift */ = {isa = PBXFileReference; lastKnownFileType = sourcecode.swift; path = ArtistsViewController.swift; sourceTree = "<group>"; };
		61A19BA528A3AB80003C4DB8 /* AppleGothic.ttf */ = {isa = PBXFileReference; lastKnownFileType = file; path = AppleGothic.ttf; sourceTree = "<group>"; };
		61A19BAA28A3AF15003C4DB8 /* CALayer.swift */ = {isa = PBXFileReference; lastKnownFileType = sourcecode.swift; path = CALayer.swift; sourceTree = "<group>"; };
		61A19BB228A3C402003C4DB8 /* GenreContracts.swift */ = {isa = PBXFileReference; lastKnownFileType = sourcecode.swift; path = GenreContracts.swift; sourceTree = "<group>"; };
		61A19BB428A3C96E003C4DB8 /* GenreTableViewCell.swift */ = {isa = PBXFileReference; lastKnownFileType = sourcecode.swift; path = GenreTableViewCell.swift; sourceTree = "<group>"; };
		7F94A4A2A6EF034823E1F164 /* Pods-MovieApp.debug.xcconfig */ = {isa = PBXFileReference; includeInIndex = 1; lastKnownFileType = text.xcconfig; name = "Pods-MovieApp.debug.xcconfig"; path = "Target Support Files/Pods-MovieApp/Pods-MovieApp.debug.xcconfig"; sourceTree = "<group>"; };
		865019C2A1D2F2FD949B0644 /* Pods_MovieApp_MovieAppUITests.framework */ = {isa = PBXFileReference; explicitFileType = wrapper.framework; includeInIndex = 0; path = Pods_MovieApp_MovieAppUITests.framework; sourceTree = BUILT_PRODUCTS_DIR; };
		889013000678535F3E5216F8 /* Pods-MovieAppTests.debug.xcconfig */ = {isa = PBXFileReference; includeInIndex = 1; lastKnownFileType = text.xcconfig; name = "Pods-MovieAppTests.debug.xcconfig"; path = "Target Support Files/Pods-MovieAppTests/Pods-MovieAppTests.debug.xcconfig"; sourceTree = "<group>"; };
		9F03BF8A1472DF0F620C0CB9 /* Pods-MovieApp-MovieAppUITests.release.xcconfig */ = {isa = PBXFileReference; includeInIndex = 1; lastKnownFileType = text.xcconfig; name = "Pods-MovieApp-MovieAppUITests.release.xcconfig"; path = "Target Support Files/Pods-MovieApp-MovieAppUITests/Pods-MovieApp-MovieAppUITests.release.xcconfig"; sourceTree = "<group>"; };
		F983829233D28454C0BBCBFC /* Pods-MovieApp.release.xcconfig */ = {isa = PBXFileReference; includeInIndex = 1; lastKnownFileType = text.xcconfig; name = "Pods-MovieApp.release.xcconfig"; path = "Target Support Files/Pods-MovieApp/Pods-MovieApp.release.xcconfig"; sourceTree = "<group>"; };
/* End PBXFileReference section */

/* Begin PBXFrameworksBuildPhase section */
		61231DBB289A619D007BEA61 /* Frameworks */ = {
			isa = PBXFrameworksBuildPhase;
			buildActionMask = 2147483647;
			files = (
				E6ECE1B566306C630E522CC0 /* Pods_MovieApp.framework in Frameworks */,
			);
			runOnlyForDeploymentPostprocessing = 0;
		};
		61231DD1289A61A2007BEA61 /* Frameworks */ = {
			isa = PBXFrameworksBuildPhase;
			buildActionMask = 2147483647;
			files = (
				2D98E86A5D4A1043113345DD /* Pods_MovieAppTests.framework in Frameworks */,
			);
			runOnlyForDeploymentPostprocessing = 0;
		};
		61231DDB289A61A2007BEA61 /* Frameworks */ = {
			isa = PBXFrameworksBuildPhase;
			buildActionMask = 2147483647;
			files = (
				67AAD1DD28F94BF29BB3E1C6 /* Pods_MovieApp_MovieAppUITests.framework in Frameworks */,
			);
			runOnlyForDeploymentPostprocessing = 0;
		};
/* End PBXFrameworksBuildPhase section */

/* Begin PBXGroup section */
		610FB3D428A5206700FD12EF /* Presentations */ = {
			isa = PBXGroup;
			children = (
				610FB3D528A5207A00FD12EF /* GenrePresentation.swift */,
			);
			path = Presentations;
			sourceTree = "<group>";
		};
		61231DB5289A619D007BEA61 = {
			isa = PBXGroup;
			children = (
				61231DC0289A619D007BEA61 /* MovieApp */,
				61231DD7289A61A2007BEA61 /* MovieAppTests */,
				61231DE1289A61A2007BEA61 /* MovieAppUITests */,
				61231DBF289A619D007BEA61 /* Products */,
				6CD5ABA94114D9015E5FEE68 /* Pods */,
				B3EB3FE2CAA4E4B8B0214297 /* Frameworks */,
			);
			sourceTree = "<group>";
		};
		61231DBF289A619D007BEA61 /* Products */ = {
			isa = PBXGroup;
			children = (
				61231DBE289A619D007BEA61 /* MovieApp.app */,
				61231DD4289A61A2007BEA61 /* MovieAppTests.xctest */,
				61231DDE289A61A2007BEA61 /* MovieAppUITests.xctest */,
			);
			name = Products;
			sourceTree = "<group>";
		};
		61231DC0289A619D007BEA61 /* MovieApp */ = {
			isa = PBXGroup;
			children = (
				610FB3D428A5206700FD12EF /* Presentations */,
				61848B2528A5121D00480351 /* MovieAppAPI */,
				61A19BA928A3AEAE003C4DB8 /* Extensions */,
				61A19BA428A3AB56003C4DB8 /* Fonts */,
				61231DF2289A62D2007BEA61 /* Scenes */,
				61231DF1289A62B5007BEA61 /* App */,
				61231DCF289A61A1007BEA61 /* Info.plist */,
			);
			path = MovieApp;
			sourceTree = "<group>";
		};
		61231DD7289A61A2007BEA61 /* MovieAppTests */ = {
			isa = PBXGroup;
			children = (
				61231DD8289A61A2007BEA61 /* MovieAppTests.swift */,
			);
			path = MovieAppTests;
			sourceTree = "<group>";
		};
		61231DE1289A61A2007BEA61 /* MovieAppUITests */ = {
			isa = PBXGroup;
			children = (
				61231DE2289A61A2007BEA61 /* MovieAppUITests.swift */,
				61231DE4289A61A2007BEA61 /* MovieAppUITestsLaunchTests.swift */,
			);
			path = MovieAppUITests;
			sourceTree = "<group>";
		};
		61231DF1289A62B5007BEA61 /* App */ = {
			isa = PBXGroup;
			children = (
				61231DC1289A619D007BEA61 /* AppDelegate.swift */,
				61231DCA289A61A1007BEA61 /* Assets.xcassets */,
				61231DCC289A61A1007BEA61 /* LaunchScreen.storyboard */,
				61231DC3289A619D007BEA61 /* SceneDelegate.swift */,
			);
			path = App;
			sourceTree = "<group>";
		};
		61231DF2289A62D2007BEA61 /* Scenes */ = {
			isa = PBXGroup;
			children = (
				61A19B5A28A24743003C4DB8 /* Dashboard */,
				61A19B59289D1A44003C4DB8 /* Landing */,
			);
			path = Scenes;
			sourceTree = "<group>";
		};
		61848B2528A5121D00480351 /* MovieAppAPI */ = {
			isa = PBXGroup;
			children = (
				61848B2628A5125600480351 /* MovieAppService.swift */,
				61848B2828A5169A00480351 /* Genre.swift */,
				61848B2A28A516CE00480351 /* GenreResponse.swift */,
			);
			path = MovieAppAPI;
			sourceTree = "<group>";
		};
		61A19B59289D1A44003C4DB8 /* Landing */ = {
			isa = PBXGroup;
			children = (
				61231DC7289A619D007BEA61 /* Landing.storyboard */,
				61231DC5289A619D007BEA61 /* LandingViewController.swift */,
				61A19B55289D0D37003C4DB8 /* LandingScreenCell.swift */,
			);
			path = Landing;
			sourceTree = "<group>";
		};
		61A19B5A28A24743003C4DB8 /* Dashboard */ = {
			isa = PBXGroup;
			children = (
				61A19B5B28A24768003C4DB8 /* Dashboard.storyboard */,
				61A19B5D28A2496C003C4DB8 /* Discover */,
				61A19B5E28A24973003C4DB8 /* Genre */,
				61A19B5F28A2497F003C4DB8 /* Artists */,
			);
			path = Dashboard;
			sourceTree = "<group>";
		};
		61A19B5D28A2496C003C4DB8 /* Discover */ = {
			isa = PBXGroup;
			children = (
				61A19B6028A249B1003C4DB8 /* DiscoverViewController.swift */,
			);
			path = Discover;
			sourceTree = "<group>";
		};
		61A19B5E28A24973003C4DB8 /* Genre */ = {
			isa = PBXGroup;
			children = (
				61A19B6228A254D6003C4DB8 /* GenreViewController.swift */,
				61A19BB228A3C402003C4DB8 /* GenreContracts.swift */,
				61A19BB428A3C96E003C4DB8 /* GenreTableViewCell.swift */,
				610FB3D228A51E7800FD12EF /* GenreViewModel.swift */,
			);
			path = Genre;
			sourceTree = "<group>";
		};
		61A19B5F28A2497F003C4DB8 /* Artists */ = {
			isa = PBXGroup;
			children = (
				61A19B6428A254E4003C4DB8 /* ArtistsViewController.swift */,
			);
			path = Artists;
			sourceTree = "<group>";
		};
		61A19BA428A3AB56003C4DB8 /* Fonts */ = {
			isa = PBXGroup;
			children = (
				61A19BA528A3AB80003C4DB8 /* AppleGothic.ttf */,
			);
			path = Fonts;
			sourceTree = "<group>";
		};
		61A19BA928A3AEAE003C4DB8 /* Extensions */ = {
			isa = PBXGroup;
			children = (
				61A19BAA28A3AF15003C4DB8 /* CALayer.swift */,
			);
			path = Extensions;
			sourceTree = "<group>";
		};
		6CD5ABA94114D9015E5FEE68 /* Pods */ = {
			isa = PBXGroup;
			children = (
				7F94A4A2A6EF034823E1F164 /* Pods-MovieApp.debug.xcconfig */,
				F983829233D28454C0BBCBFC /* Pods-MovieApp.release.xcconfig */,
				16EC0EADC5A533324146A073 /* Pods-MovieApp-MovieAppUITests.debug.xcconfig */,
				9F03BF8A1472DF0F620C0CB9 /* Pods-MovieApp-MovieAppUITests.release.xcconfig */,
				889013000678535F3E5216F8 /* Pods-MovieAppTests.debug.xcconfig */,
				35C2E538F264FDB5E25FE80E /* Pods-MovieAppTests.release.xcconfig */,
			);
			path = Pods;
			sourceTree = "<group>";
		};
		B3EB3FE2CAA4E4B8B0214297 /* Frameworks */ = {
			isa = PBXGroup;
			children = (
				0C254B1A8A7001A9818B0E9C /* Pods_MovieApp.framework */,
				865019C2A1D2F2FD949B0644 /* Pods_MovieApp_MovieAppUITests.framework */,
				21498A7171983DB60D976F17 /* Pods_MovieAppTests.framework */,
			);
			name = Frameworks;
			sourceTree = "<group>";
		};
/* End PBXGroup section */

/* Begin PBXNativeTarget section */
		61231DBD289A619D007BEA61 /* MovieApp */ = {
			isa = PBXNativeTarget;
			buildConfigurationList = 61231DE8289A61A2007BEA61 /* Build configuration list for PBXNativeTarget "MovieApp" */;
			buildPhases = (
				0250447E0666899C7F7F062F /* [CP] Check Pods Manifest.lock */,
				61231DBA289A619D007BEA61 /* Sources */,
				61231DBB289A619D007BEA61 /* Frameworks */,
				61231DBC289A619D007BEA61 /* Resources */,
				75E7DD2897FAB6B04D9C9C2C /* [CP] Embed Pods Frameworks */,
			);
			buildRules = (
			);
			dependencies = (
			);
			name = MovieApp;
			productName = MovieApp;
			productReference = 61231DBE289A619D007BEA61 /* MovieApp.app */;
			productType = "com.apple.product-type.application";
		};
		61231DD3289A61A2007BEA61 /* MovieAppTests */ = {
			isa = PBXNativeTarget;
			buildConfigurationList = 61231DEB289A61A2007BEA61 /* Build configuration list for PBXNativeTarget "MovieAppTests" */;
			buildPhases = (
				3996ACC77B00178B66D389ED /* [CP] Check Pods Manifest.lock */,
				61231DD0289A61A2007BEA61 /* Sources */,
				61231DD1289A61A2007BEA61 /* Frameworks */,
				61231DD2289A61A2007BEA61 /* Resources */,
			);
			buildRules = (
			);
			dependencies = (
				61231DD6289A61A2007BEA61 /* PBXTargetDependency */,
			);
			name = MovieAppTests;
			productName = MovieAppTests;
			productReference = 61231DD4289A61A2007BEA61 /* MovieAppTests.xctest */;
			productType = "com.apple.product-type.bundle.unit-test";
		};
		61231DDD289A61A2007BEA61 /* MovieAppUITests */ = {
			isa = PBXNativeTarget;
			buildConfigurationList = 61231DEE289A61A2007BEA61 /* Build configuration list for PBXNativeTarget "MovieAppUITests" */;
			buildPhases = (
				20381B00AA5322B1745CB4D8 /* [CP] Check Pods Manifest.lock */,
				61231DDA289A61A2007BEA61 /* Sources */,
				61231DDB289A61A2007BEA61 /* Frameworks */,
				61231DDC289A61A2007BEA61 /* Resources */,
				610E8343E7EA88CE9C01AE85 /* [CP] Embed Pods Frameworks */,
			);
			buildRules = (
			);
			dependencies = (
				61231DE0289A61A2007BEA61 /* PBXTargetDependency */,
			);
			name = MovieAppUITests;
			productName = MovieAppUITests;
			productReference = 61231DDE289A61A2007BEA61 /* MovieAppUITests.xctest */;
			productType = "com.apple.product-type.bundle.ui-testing";
		};
/* End PBXNativeTarget section */

/* Begin PBXProject section */
		61231DB6289A619D007BEA61 /* Project object */ = {
			isa = PBXProject;
			attributes = {
				BuildIndependentTargetsInParallel = 1;
				LastSwiftUpdateCheck = 1340;
				LastUpgradeCheck = 1340;
				TargetAttributes = {
					61231DBD289A619D007BEA61 = {
						CreatedOnToolsVersion = 13.4.1;
					};
					61231DD3289A61A2007BEA61 = {
						CreatedOnToolsVersion = 13.4.1;
						TestTargetID = 61231DBD289A619D007BEA61;
					};
					61231DDD289A61A2007BEA61 = {
						CreatedOnToolsVersion = 13.4.1;
						TestTargetID = 61231DBD289A619D007BEA61;
					};
				};
			};
			buildConfigurationList = 61231DB9289A619D007BEA61 /* Build configuration list for PBXProject "MovieApp" */;
			compatibilityVersion = "Xcode 13.0";
			developmentRegion = en;
			hasScannedForEncodings = 0;
			knownRegions = (
				en,
				Base,
			);
			mainGroup = 61231DB5289A619D007BEA61;
			productRefGroup = 61231DBF289A619D007BEA61 /* Products */;
			projectDirPath = "";
			projectRoot = "";
			targets = (
				61231DBD289A619D007BEA61 /* MovieApp */,
				61231DD3289A61A2007BEA61 /* MovieAppTests */,
				61231DDD289A61A2007BEA61 /* MovieAppUITests */,
			);
		};
/* End PBXProject section */

/* Begin PBXResourcesBuildPhase section */
		61231DBC289A619D007BEA61 /* Resources */ = {
			isa = PBXResourcesBuildPhase;
			buildActionMask = 2147483647;
			files = (
				61A19BA628A3AB80003C4DB8 /* AppleGothic.ttf in Resources */,
				61231DCE289A61A1007BEA61 /* LaunchScreen.storyboard in Resources */,
				61231DCB289A61A1007BEA61 /* Assets.xcassets in Resources */,
				61231DC9289A619D007BEA61 /* Landing.storyboard in Resources */,
				61A19B5C28A24768003C4DB8 /* Dashboard.storyboard in Resources */,
			);
			runOnlyForDeploymentPostprocessing = 0;
		};
		61231DD2289A61A2007BEA61 /* Resources */ = {
			isa = PBXResourcesBuildPhase;
			buildActionMask = 2147483647;
			files = (
				61A19BA728A3AB80003C4DB8 /* AppleGothic.ttf in Resources */,
			);
			runOnlyForDeploymentPostprocessing = 0;
		};
		61231DDC289A61A2007BEA61 /* Resources */ = {
			isa = PBXResourcesBuildPhase;
			buildActionMask = 2147483647;
			files = (
				61A19BA828A3AB80003C4DB8 /* AppleGothic.ttf in Resources */,
			);
			runOnlyForDeploymentPostprocessing = 0;
		};
/* End PBXResourcesBuildPhase section */

/* Begin PBXShellScriptBuildPhase section */
		0250447E0666899C7F7F062F /* [CP] Check Pods Manifest.lock */ = {
			isa = PBXShellScriptBuildPhase;
			buildActionMask = 2147483647;
			files = (
			);
			inputFileListPaths = (
			);
			inputPaths = (
				"${PODS_PODFILE_DIR_PATH}/Podfile.lock",
				"${PODS_ROOT}/Manifest.lock",
			);
			name = "[CP] Check Pods Manifest.lock";
			outputFileListPaths = (
			);
			outputPaths = (
				"$(DERIVED_FILE_DIR)/Pods-MovieApp-checkManifestLockResult.txt",
			);
			runOnlyForDeploymentPostprocessing = 0;
			shellPath = /bin/sh;
			shellScript = "diff \"${PODS_PODFILE_DIR_PATH}/Podfile.lock\" \"${PODS_ROOT}/Manifest.lock\" > /dev/null\nif [ $? != 0 ] ; then\n    # print error to STDERR\n    echo \"error: The sandbox is not in sync with the Podfile.lock. Run 'pod install' or update your CocoaPods installation.\" >&2\n    exit 1\nfi\n# This output is used by Xcode 'outputs' to avoid re-running this script phase.\necho \"SUCCESS\" > \"${SCRIPT_OUTPUT_FILE_0}\"\n";
			showEnvVarsInLog = 0;
		};
		20381B00AA5322B1745CB4D8 /* [CP] Check Pods Manifest.lock */ = {
			isa = PBXShellScriptBuildPhase;
			buildActionMask = 2147483647;
			files = (
			);
			inputFileListPaths = (
			);
			inputPaths = (
				"${PODS_PODFILE_DIR_PATH}/Podfile.lock",
				"${PODS_ROOT}/Manifest.lock",
			);
			name = "[CP] Check Pods Manifest.lock";
			outputFileListPaths = (
			);
			outputPaths = (
				"$(DERIVED_FILE_DIR)/Pods-MovieApp-MovieAppUITests-checkManifestLockResult.txt",
			);
			runOnlyForDeploymentPostprocessing = 0;
			shellPath = /bin/sh;
			shellScript = "diff \"${PODS_PODFILE_DIR_PATH}/Podfile.lock\" \"${PODS_ROOT}/Manifest.lock\" > /dev/null\nif [ $? != 0 ] ; then\n    # print error to STDERR\n    echo \"error: The sandbox is not in sync with the Podfile.lock. Run 'pod install' or update your CocoaPods installation.\" >&2\n    exit 1\nfi\n# This output is used by Xcode 'outputs' to avoid re-running this script phase.\necho \"SUCCESS\" > \"${SCRIPT_OUTPUT_FILE_0}\"\n";
			showEnvVarsInLog = 0;
		};
		3996ACC77B00178B66D389ED /* [CP] Check Pods Manifest.lock */ = {
			isa = PBXShellScriptBuildPhase;
			buildActionMask = 2147483647;
			files = (
			);
			inputFileListPaths = (
			);
			inputPaths = (
				"${PODS_PODFILE_DIR_PATH}/Podfile.lock",
				"${PODS_ROOT}/Manifest.lock",
			);
			name = "[CP] Check Pods Manifest.lock";
			outputFileListPaths = (
			);
			outputPaths = (
				"$(DERIVED_FILE_DIR)/Pods-MovieAppTests-checkManifestLockResult.txt",
			);
			runOnlyForDeploymentPostprocessing = 0;
			shellPath = /bin/sh;
			shellScript = "diff \"${PODS_PODFILE_DIR_PATH}/Podfile.lock\" \"${PODS_ROOT}/Manifest.lock\" > /dev/null\nif [ $? != 0 ] ; then\n    # print error to STDERR\n    echo \"error: The sandbox is not in sync with the Podfile.lock. Run 'pod install' or update your CocoaPods installation.\" >&2\n    exit 1\nfi\n# This output is used by Xcode 'outputs' to avoid re-running this script phase.\necho \"SUCCESS\" > \"${SCRIPT_OUTPUT_FILE_0}\"\n";
			showEnvVarsInLog = 0;
		};
		610E8343E7EA88CE9C01AE85 /* [CP] Embed Pods Frameworks */ = {
			isa = PBXShellScriptBuildPhase;
			buildActionMask = 2147483647;
			files = (
			);
			inputFileListPaths = (
				"${PODS_ROOT}/Target Support Files/Pods-MovieApp-MovieAppUITests/Pods-MovieApp-MovieAppUITests-frameworks-${CONFIGURATION}-input-files.xcfilelist",
			);
			name = "[CP] Embed Pods Frameworks";
			outputFileListPaths = (
				"${PODS_ROOT}/Target Support Files/Pods-MovieApp-MovieAppUITests/Pods-MovieApp-MovieAppUITests-frameworks-${CONFIGURATION}-output-files.xcfilelist",
			);
			runOnlyForDeploymentPostprocessing = 0;
			shellPath = /bin/sh;
			shellScript = "\"${PODS_ROOT}/Target Support Files/Pods-MovieApp-MovieAppUITests/Pods-MovieApp-MovieAppUITests-frameworks.sh\"\n";
			showEnvVarsInLog = 0;
		};
		75E7DD2897FAB6B04D9C9C2C /* [CP] Embed Pods Frameworks */ = {
			isa = PBXShellScriptBuildPhase;
			buildActionMask = 2147483647;
			files = (
			);
			inputFileListPaths = (
				"${PODS_ROOT}/Target Support Files/Pods-MovieApp/Pods-MovieApp-frameworks-${CONFIGURATION}-input-files.xcfilelist",
			);
			name = "[CP] Embed Pods Frameworks";
			outputFileListPaths = (
				"${PODS_ROOT}/Target Support Files/Pods-MovieApp/Pods-MovieApp-frameworks-${CONFIGURATION}-output-files.xcfilelist",
			);
			runOnlyForDeploymentPostprocessing = 0;
			shellPath = /bin/sh;
			shellScript = "\"${PODS_ROOT}/Target Support Files/Pods-MovieApp/Pods-MovieApp-frameworks.sh\"\n";
			showEnvVarsInLog = 0;
		};
/* End PBXShellScriptBuildPhase section */

/* Begin PBXSourcesBuildPhase section */
		61231DBA289A619D007BEA61 /* Sources */ = {
			isa = PBXSourcesBuildPhase;
			buildActionMask = 2147483647;
			files = (
				61A19B6528A254E4003C4DB8 /* ArtistsViewController.swift in Sources */,
				61231DC6289A619D007BEA61 /* LandingViewController.swift in Sources */,
				61A19B6128A249B1003C4DB8 /* DiscoverViewController.swift in Sources */,
				61848B2928A5169A00480351 /* Genre.swift in Sources */,
				61231DC2289A619D007BEA61 /* AppDelegate.swift in Sources */,
				610FB3D628A5207A00FD12EF /* GenrePresentation.swift in Sources */,
				61A19BB328A3C402003C4DB8 /* GenreContracts.swift in Sources */,
				61A19B6328A254D6003C4DB8 /* GenreViewController.swift in Sources */,
				61231DC4289A619D007BEA61 /* SceneDelegate.swift in Sources */,
				61A19BB528A3C96E003C4DB8 /* GenreTableViewCell.swift in Sources */,
				61848B2728A5125600480351 /* MovieAppService.swift in Sources */,
				61A19B57289D0D37003C4DB8 /* LandingScreenCell.swift in Sources */,
				61A19BAB28A3AF15003C4DB8 /* CALayer.swift in Sources */,
				610FB3D328A51E7800FD12EF /* GenreViewModel.swift in Sources */,
				61848B2B28A516CE00480351 /* GenreResponse.swift in Sources */,
			);
			runOnlyForDeploymentPostprocessing = 0;
		};
		61231DD0289A61A2007BEA61 /* Sources */ = {
			isa = PBXSourcesBuildPhase;
			buildActionMask = 2147483647;
			files = (
				61231DD9289A61A2007BEA61 /* MovieAppTests.swift in Sources */,
				61A19BAC28A3AF15003C4DB8 /* CALayer.swift in Sources */,
			);
			runOnlyForDeploymentPostprocessing = 0;
		};
		61231DDA289A61A2007BEA61 /* Sources */ = {
			isa = PBXSourcesBuildPhase;
			buildActionMask = 2147483647;
			files = (
				61A19BAD28A3AF15003C4DB8 /* CALayer.swift in Sources */,
				61231DE5289A61A2007BEA61 /* MovieAppUITestsLaunchTests.swift in Sources */,
				61231DE3289A61A2007BEA61 /* MovieAppUITests.swift in Sources */,
			);
			runOnlyForDeploymentPostprocessing = 0;
		};
/* End PBXSourcesBuildPhase section */

/* Begin PBXTargetDependency section */
		61231DD6289A61A2007BEA61 /* PBXTargetDependency */ = {
			isa = PBXTargetDependency;
			target = 61231DBD289A619D007BEA61 /* MovieApp */;
			targetProxy = 61231DD5289A61A2007BEA61 /* PBXContainerItemProxy */;
		};
		61231DE0289A61A2007BEA61 /* PBXTargetDependency */ = {
			isa = PBXTargetDependency;
			target = 61231DBD289A619D007BEA61 /* MovieApp */;
			targetProxy = 61231DDF289A61A2007BEA61 /* PBXContainerItemProxy */;
		};
/* End PBXTargetDependency section */

/* Begin PBXVariantGroup section */
		61231DC7289A619D007BEA61 /* Landing.storyboard */ = {
			isa = PBXVariantGroup;
			children = (
				61231DC8289A619D007BEA61 /* Base */,
			);
			name = Landing.storyboard;
			sourceTree = "<group>";
		};
		61231DCC289A61A1007BEA61 /* LaunchScreen.storyboard */ = {
			isa = PBXVariantGroup;
			children = (
				61231DCD289A61A1007BEA61 /* Base */,
			);
			name = LaunchScreen.storyboard;
			sourceTree = "<group>";
		};
/* End PBXVariantGroup section */

/* Begin XCBuildConfiguration section */
		61231DE6289A61A2007BEA61 /* Debug */ = {
			isa = XCBuildConfiguration;
			buildSettings = {
				ALWAYS_SEARCH_USER_PATHS = NO;
				CLANG_ANALYZER_NONNULL = YES;
				CLANG_ANALYZER_NUMBER_OBJECT_CONVERSION = YES_AGGRESSIVE;
				CLANG_CXX_LANGUAGE_STANDARD = "gnu++17";
				CLANG_ENABLE_MODULES = YES;
				CLANG_ENABLE_OBJC_ARC = YES;
				CLANG_ENABLE_OBJC_WEAK = YES;
				CLANG_WARN_BLOCK_CAPTURE_AUTORELEASING = YES;
				CLANG_WARN_BOOL_CONVERSION = YES;
				CLANG_WARN_COMMA = YES;
				CLANG_WARN_CONSTANT_CONVERSION = YES;
				CLANG_WARN_DEPRECATED_OBJC_IMPLEMENTATIONS = YES;
				CLANG_WARN_DIRECT_OBJC_ISA_USAGE = YES_ERROR;
				CLANG_WARN_DOCUMENTATION_COMMENTS = YES;
				CLANG_WARN_EMPTY_BODY = YES;
				CLANG_WARN_ENUM_CONVERSION = YES;
				CLANG_WARN_INFINITE_RECURSION = YES;
				CLANG_WARN_INT_CONVERSION = YES;
				CLANG_WARN_NON_LITERAL_NULL_CONVERSION = YES;
				CLANG_WARN_OBJC_IMPLICIT_RETAIN_SELF = YES;
				CLANG_WARN_OBJC_LITERAL_CONVERSION = YES;
				CLANG_WARN_OBJC_ROOT_CLASS = YES_ERROR;
				CLANG_WARN_QUOTED_INCLUDE_IN_FRAMEWORK_HEADER = YES;
				CLANG_WARN_RANGE_LOOP_ANALYSIS = YES;
				CLANG_WARN_STRICT_PROTOTYPES = YES;
				CLANG_WARN_SUSPICIOUS_MOVE = YES;
				CLANG_WARN_UNGUARDED_AVAILABILITY = YES_AGGRESSIVE;
				CLANG_WARN_UNREACHABLE_CODE = YES;
				CLANG_WARN__DUPLICATE_METHOD_MATCH = YES;
				COPY_PHASE_STRIP = NO;
				DEBUG_INFORMATION_FORMAT = dwarf;
				ENABLE_STRICT_OBJC_MSGSEND = YES;
				ENABLE_TESTABILITY = YES;
				GCC_C_LANGUAGE_STANDARD = gnu11;
				GCC_DYNAMIC_NO_PIC = NO;
				GCC_NO_COMMON_BLOCKS = YES;
				GCC_OPTIMIZATION_LEVEL = 0;
				GCC_PREPROCESSOR_DEFINITIONS = (
					"DEBUG=1",
					"$(inherited)",
				);
				GCC_WARN_64_TO_32_BIT_CONVERSION = YES;
				GCC_WARN_ABOUT_RETURN_TYPE = YES_ERROR;
				GCC_WARN_UNDECLARED_SELECTOR = YES;
				GCC_WARN_UNINITIALIZED_AUTOS = YES_AGGRESSIVE;
				GCC_WARN_UNUSED_FUNCTION = YES;
				GCC_WARN_UNUSED_VARIABLE = YES;
				IPHONEOS_DEPLOYMENT_TARGET = 15.5;
				MTL_ENABLE_DEBUG_INFO = INCLUDE_SOURCE;
				MTL_FAST_MATH = YES;
				ONLY_ACTIVE_ARCH = YES;
				SDKROOT = iphoneos;
				SWIFT_ACTIVE_COMPILATION_CONDITIONS = DEBUG;
				SWIFT_OPTIMIZATION_LEVEL = "-Onone";
			};
			name = Debug;
		};
		61231DE7289A61A2007BEA61 /* Release */ = {
			isa = XCBuildConfiguration;
			buildSettings = {
				ALWAYS_SEARCH_USER_PATHS = NO;
				CLANG_ANALYZER_NONNULL = YES;
				CLANG_ANALYZER_NUMBER_OBJECT_CONVERSION = YES_AGGRESSIVE;
				CLANG_CXX_LANGUAGE_STANDARD = "gnu++17";
				CLANG_ENABLE_MODULES = YES;
				CLANG_ENABLE_OBJC_ARC = YES;
				CLANG_ENABLE_OBJC_WEAK = YES;
				CLANG_WARN_BLOCK_CAPTURE_AUTORELEASING = YES;
				CLANG_WARN_BOOL_CONVERSION = YES;
				CLANG_WARN_COMMA = YES;
				CLANG_WARN_CONSTANT_CONVERSION = YES;
				CLANG_WARN_DEPRECATED_OBJC_IMPLEMENTATIONS = YES;
				CLANG_WARN_DIRECT_OBJC_ISA_USAGE = YES_ERROR;
				CLANG_WARN_DOCUMENTATION_COMMENTS = YES;
				CLANG_WARN_EMPTY_BODY = YES;
				CLANG_WARN_ENUM_CONVERSION = YES;
				CLANG_WARN_INFINITE_RECURSION = YES;
				CLANG_WARN_INT_CONVERSION = YES;
				CLANG_WARN_NON_LITERAL_NULL_CONVERSION = YES;
				CLANG_WARN_OBJC_IMPLICIT_RETAIN_SELF = YES;
				CLANG_WARN_OBJC_LITERAL_CONVERSION = YES;
				CLANG_WARN_OBJC_ROOT_CLASS = YES_ERROR;
				CLANG_WARN_QUOTED_INCLUDE_IN_FRAMEWORK_HEADER = YES;
				CLANG_WARN_RANGE_LOOP_ANALYSIS = YES;
				CLANG_WARN_STRICT_PROTOTYPES = YES;
				CLANG_WARN_SUSPICIOUS_MOVE = YES;
				CLANG_WARN_UNGUARDED_AVAILABILITY = YES_AGGRESSIVE;
				CLANG_WARN_UNREACHABLE_CODE = YES;
				CLANG_WARN__DUPLICATE_METHOD_MATCH = YES;
				COPY_PHASE_STRIP = NO;
				DEBUG_INFORMATION_FORMAT = "dwarf-with-dsym";
				ENABLE_NS_ASSERTIONS = NO;
				ENABLE_STRICT_OBJC_MSGSEND = YES;
				GCC_C_LANGUAGE_STANDARD = gnu11;
				GCC_NO_COMMON_BLOCKS = YES;
				GCC_WARN_64_TO_32_BIT_CONVERSION = YES;
				GCC_WARN_ABOUT_RETURN_TYPE = YES_ERROR;
				GCC_WARN_UNDECLARED_SELECTOR = YES;
				GCC_WARN_UNINITIALIZED_AUTOS = YES_AGGRESSIVE;
				GCC_WARN_UNUSED_FUNCTION = YES;
				GCC_WARN_UNUSED_VARIABLE = YES;
				IPHONEOS_DEPLOYMENT_TARGET = 15.5;
				MTL_ENABLE_DEBUG_INFO = NO;
				MTL_FAST_MATH = YES;
				SDKROOT = iphoneos;
				SWIFT_COMPILATION_MODE = wholemodule;
				SWIFT_OPTIMIZATION_LEVEL = "-O";
				VALIDATE_PRODUCT = YES;
			};
			name = Release;
		};
		61231DE9289A61A2007BEA61 /* Debug */ = {
			isa = XCBuildConfiguration;
			baseConfigurationReference = 7F94A4A2A6EF034823E1F164 /* Pods-MovieApp.debug.xcconfig */;
			buildSettings = {
				ASSETCATALOG_COMPILER_APPICON_NAME = AppIcon;
				ASSETCATALOG_COMPILER_GLOBAL_ACCENT_COLOR_NAME = AccentColor;
				CODE_SIGN_STYLE = Automatic;
				CURRENT_PROJECT_VERSION = 1;
				DEVELOPMENT_TEAM = 2B8Y2ADVF5;
				GENERATE_INFOPLIST_FILE = YES;
				INFOPLIST_FILE = MovieApp/Info.plist;
				INFOPLIST_KEY_UIApplicationSupportsIndirectInputEvents = YES;
				INFOPLIST_KEY_UILaunchStoryboardName = LaunchScreen;
				INFOPLIST_KEY_UIMainStoryboardFile = Landing;
				INFOPLIST_KEY_UISupportedInterfaceOrientations_iPad = "UIInterfaceOrientationPortrait UIInterfaceOrientationPortraitUpsideDown UIInterfaceOrientationLandscapeLeft UIInterfaceOrientationLandscapeRight";
				INFOPLIST_KEY_UISupportedInterfaceOrientations_iPhone = "UIInterfaceOrientationPortrait UIInterfaceOrientationLandscapeLeft UIInterfaceOrientationLandscapeRight";
				LD_RUNPATH_SEARCH_PATHS = (
					"$(inherited)",
					"@executable_path/Frameworks",
				);
				MARKETING_VERSION = 1.0;
				PRODUCT_BUNDLE_IDENTIFIER = com.accenture.MovieApp;
				PRODUCT_NAME = "$(TARGET_NAME)";
				SWIFT_EMIT_LOC_STRINGS = YES;
				SWIFT_VERSION = 5.0;
				TARGETED_DEVICE_FAMILY = "1,2";
			};
			name = Debug;
		};
		61231DEA289A61A2007BEA61 /* Release */ = {
			isa = XCBuildConfiguration;
			baseConfigurationReference = F983829233D28454C0BBCBFC /* Pods-MovieApp.release.xcconfig */;
			buildSettings = {
				ASSETCATALOG_COMPILER_APPICON_NAME = AppIcon;
				ASSETCATALOG_COMPILER_GLOBAL_ACCENT_COLOR_NAME = AccentColor;
				CODE_SIGN_STYLE = Automatic;
				CURRENT_PROJECT_VERSION = 1;
				DEVELOPMENT_TEAM = 2B8Y2ADVF5;
				GENERATE_INFOPLIST_FILE = YES;
				INFOPLIST_FILE = MovieApp/Info.plist;
				INFOPLIST_KEY_UIApplicationSupportsIndirectInputEvents = YES;
				INFOPLIST_KEY_UILaunchStoryboardName = LaunchScreen;
				INFOPLIST_KEY_UIMainStoryboardFile = Landing;
				INFOPLIST_KEY_UISupportedInterfaceOrientations_iPad = "UIInterfaceOrientationPortrait UIInterfaceOrientationPortraitUpsideDown UIInterfaceOrientationLandscapeLeft UIInterfaceOrientationLandscapeRight";
				INFOPLIST_KEY_UISupportedInterfaceOrientations_iPhone = "UIInterfaceOrientationPortrait UIInterfaceOrientationLandscapeLeft UIInterfaceOrientationLandscapeRight";
				LD_RUNPATH_SEARCH_PATHS = (
					"$(inherited)",
					"@executable_path/Frameworks",
				);
				MARKETING_VERSION = 1.0;
				PRODUCT_BUNDLE_IDENTIFIER = com.accenture.MovieApp;
				PRODUCT_NAME = "$(TARGET_NAME)";
				SWIFT_EMIT_LOC_STRINGS = YES;
				SWIFT_VERSION = 5.0;
				TARGETED_DEVICE_FAMILY = "1,2";
			};
			name = Release;
		};
		61231DEC289A61A2007BEA61 /* Debug */ = {
			isa = XCBuildConfiguration;
			baseConfigurationReference = 889013000678535F3E5216F8 /* Pods-MovieAppTests.debug.xcconfig */;
			buildSettings = {
				ALWAYS_EMBED_SWIFT_STANDARD_LIBRARIES = YES;
				BUNDLE_LOADER = "$(TEST_HOST)";
				CODE_SIGN_STYLE = Automatic;
				CURRENT_PROJECT_VERSION = 1;
				DEVELOPMENT_TEAM = 2B8Y2ADVF5;
				GENERATE_INFOPLIST_FILE = YES;
				IPHONEOS_DEPLOYMENT_TARGET = 15.5;
				MARKETING_VERSION = 1.0;
				PRODUCT_BUNDLE_IDENTIFIER = com.accenture.MovieAppTests;
				PRODUCT_NAME = "$(TARGET_NAME)";
				SWIFT_EMIT_LOC_STRINGS = NO;
				SWIFT_VERSION = 5.0;
				TARGETED_DEVICE_FAMILY = "1,2";
				TEST_HOST = "$(BUILT_PRODUCTS_DIR)/MovieApp.app/MovieApp";
			};
			name = Debug;
		};
		61231DED289A61A2007BEA61 /* Release */ = {
			isa = XCBuildConfiguration;
			baseConfigurationReference = 35C2E538F264FDB5E25FE80E /* Pods-MovieAppTests.release.xcconfig */;
			buildSettings = {
				ALWAYS_EMBED_SWIFT_STANDARD_LIBRARIES = YES;
				BUNDLE_LOADER = "$(TEST_HOST)";
				CODE_SIGN_STYLE = Automatic;
				CURRENT_PROJECT_VERSION = 1;
				DEVELOPMENT_TEAM = 2B8Y2ADVF5;
				GENERATE_INFOPLIST_FILE = YES;
				IPHONEOS_DEPLOYMENT_TARGET = 15.5;
				MARKETING_VERSION = 1.0;
				PRODUCT_BUNDLE_IDENTIFIER = com.accenture.MovieAppTests;
				PRODUCT_NAME = "$(TARGET_NAME)";
				SWIFT_EMIT_LOC_STRINGS = NO;
				SWIFT_VERSION = 5.0;
				TARGETED_DEVICE_FAMILY = "1,2";
				TEST_HOST = "$(BUILT_PRODUCTS_DIR)/MovieApp.app/MovieApp";
			};
			name = Release;
		};
		61231DEF289A61A2007BEA61 /* Debug */ = {
			isa = XCBuildConfiguration;
			baseConfigurationReference = 16EC0EADC5A533324146A073 /* Pods-MovieApp-MovieAppUITests.debug.xcconfig */;
			buildSettings = {
				ALWAYS_EMBED_SWIFT_STANDARD_LIBRARIES = YES;
				CODE_SIGN_STYLE = Automatic;
				CURRENT_PROJECT_VERSION = 1;
				DEVELOPMENT_TEAM = 2B8Y2ADVF5;
				GENERATE_INFOPLIST_FILE = YES;
				MARKETING_VERSION = 1.0;
				PRODUCT_BUNDLE_IDENTIFIER = com.accenture.MovieAppUITests;
				PRODUCT_NAME = "$(TARGET_NAME)";
				SWIFT_EMIT_LOC_STRINGS = NO;
				SWIFT_VERSION = 5.0;
				TARGETED_DEVICE_FAMILY = "1,2";
				TEST_TARGET_NAME = MovieApp;
			};
			name = Debug;
		};
		61231DF0289A61A2007BEA61 /* Release */ = {
			isa = XCBuildConfiguration;
			baseConfigurationReference = 9F03BF8A1472DF0F620C0CB9 /* Pods-MovieApp-MovieAppUITests.release.xcconfig */;
			buildSettings = {
				ALWAYS_EMBED_SWIFT_STANDARD_LIBRARIES = YES;
				CODE_SIGN_STYLE = Automatic;
				CURRENT_PROJECT_VERSION = 1;
				DEVELOPMENT_TEAM = 2B8Y2ADVF5;
				GENERATE_INFOPLIST_FILE = YES;
				MARKETING_VERSION = 1.0;
				PRODUCT_BUNDLE_IDENTIFIER = com.accenture.MovieAppUITests;
				PRODUCT_NAME = "$(TARGET_NAME)";
				SWIFT_EMIT_LOC_STRINGS = NO;
				SWIFT_VERSION = 5.0;
				TARGETED_DEVICE_FAMILY = "1,2";
				TEST_TARGET_NAME = MovieApp;
			};
			name = Release;
		};
/* End XCBuildConfiguration section */

/* Begin XCConfigurationList section */
		61231DB9289A619D007BEA61 /* Build configuration list for PBXProject "MovieApp" */ = {
			isa = XCConfigurationList;
			buildConfigurations = (
				61231DE6289A61A2007BEA61 /* Debug */,
				61231DE7289A61A2007BEA61 /* Release */,
			);
			defaultConfigurationIsVisible = 0;
			defaultConfigurationName = Release;
		};
		61231DE8289A61A2007BEA61 /* Build configuration list for PBXNativeTarget "MovieApp" */ = {
			isa = XCConfigurationList;
			buildConfigurations = (
				61231DE9289A61A2007BEA61 /* Debug */,
				61231DEA289A61A2007BEA61 /* Release */,
			);
			defaultConfigurationIsVisible = 0;
			defaultConfigurationName = Release;
		};
		61231DEB289A61A2007BEA61 /* Build configuration list for PBXNativeTarget "MovieAppTests" */ = {
			isa = XCConfigurationList;
			buildConfigurations = (
				61231DEC289A61A2007BEA61 /* Debug */,
				61231DED289A61A2007BEA61 /* Release */,
			);
			defaultConfigurationIsVisible = 0;
			defaultConfigurationName = Release;
		};
		61231DEE289A61A2007BEA61 /* Build configuration list for PBXNativeTarget "MovieAppUITests" */ = {
			isa = XCConfigurationList;
			buildConfigurations = (
				61231DEF289A61A2007BEA61 /* Debug */,
				61231DF0289A61A2007BEA61 /* Release */,
			);
			defaultConfigurationIsVisible = 0;
			defaultConfigurationName = Release;
		};
/* End XCConfigurationList section */
	};
	rootObject = 61231DB6289A619D007BEA61 /* Project object */;
}
